// !$*UTF8*$!
{
	archiveVersion = 1;
	classes = {
	};
	objectVersion = 56;
	objects = {

/* Begin PBXBuildFile section */
		5C5D54932A9078B3002262C0 /* Stethoscope Watch App.app in Embed Watch Content */ = {isa = PBXBuildFile; fileRef = 5C5D54922A9078B3002262C0 /* Stethoscope Watch App.app */; settings = {ATTRIBUTES = (RemoveHeadersOnCopy, ); }; };
		5C5D54982A9078B3002262C0 /* StethoscopeApp.swift in Sources */ = {isa = PBXBuildFile; fileRef = 5C5D54972A9078B3002262C0 /* StethoscopeApp.swift */; };
		5C5D549A2A9078B3002262C0 /* ContentView.swift in Sources */ = {isa = PBXBuildFile; fileRef = 5C5D54992A9078B3002262C0 /* ContentView.swift */; };
		5C5D549C2A9078B8002262C0 /* Assets.xcassets in Resources */ = {isa = PBXBuildFile; fileRef = 5C5D549B2A9078B8002262C0 /* Assets.xcassets */; };
		5C5D549F2A9078B8002262C0 /* Preview Assets.xcassets in Resources */ = {isa = PBXBuildFile; fileRef = 5C5D549E2A9078B8002262C0 /* Preview Assets.xcassets */; };
		5C5D54A92A9078B8002262C0 /* Stethoscope_Watch_AppTests.swift in Sources */ = {isa = PBXBuildFile; fileRef = 5C5D54A82A9078B8002262C0 /* Stethoscope_Watch_AppTests.swift */; };
		5C5D54B32A9078B9002262C0 /* Stethoscope_Watch_AppUITests.swift in Sources */ = {isa = PBXBuildFile; fileRef = 5C5D54B22A9078B9002262C0 /* Stethoscope_Watch_AppUITests.swift */; };
		5C5D54B52A9078B9002262C0 /* Stethoscope_Watch_AppUITestsLaunchTests.swift in Sources */ = {isa = PBXBuildFile; fileRef = 5C5D54B42A9078B9002262C0 /* Stethoscope_Watch_AppUITestsLaunchTests.swift */; };
/* End PBXBuildFile section */

/* Begin PBXContainerItemProxy section */
		5C5D54942A9078B3002262C0 /* PBXContainerItemProxy */ = {
			isa = PBXContainerItemProxy;
			containerPortal = 5C5D54862A9078B3002262C0 /* Project object */;
			proxyType = 1;
			remoteGlobalIDString = 5C5D54912A9078B3002262C0;
			remoteInfo = "Stethoscope Watch App";
		};
		5C5D54A52A9078B8002262C0 /* PBXContainerItemProxy */ = {
			isa = PBXContainerItemProxy;
			containerPortal = 5C5D54862A9078B3002262C0 /* Project object */;
			proxyType = 1;
			remoteGlobalIDString = 5C5D54912A9078B3002262C0;
			remoteInfo = "Stethoscope Watch App";
		};
		5C5D54AF2A9078B9002262C0 /* PBXContainerItemProxy */ = {
			isa = PBXContainerItemProxy;
			containerPortal = 5C5D54862A9078B3002262C0 /* Project object */;
			proxyType = 1;
			remoteGlobalIDString = 5C5D54912A9078B3002262C0;
			remoteInfo = "Stethoscope Watch App";
		};
/* End PBXContainerItemProxy section */

/* Begin PBXCopyFilesBuildPhase section */
		5C5D54BB2A9078B9002262C0 /* Embed Watch Content */ = {
			isa = PBXCopyFilesBuildPhase;
			buildActionMask = 2147483647;
			dstPath = "$(CONTENTS_FOLDER_PATH)/Watch";
			dstSubfolderSpec = 16;
			files = (
				5C5D54932A9078B3002262C0 /* Stethoscope Watch App.app in Embed Watch Content */,
			);
			name = "Embed Watch Content";
			runOnlyForDeploymentPostprocessing = 0;
		};
/* End PBXCopyFilesBuildPhase section */

/* Begin PBXFileReference section */
		5C5D548C2A9078B3002262C0 /* Stethoscope.app */ = {isa = PBXFileReference; explicitFileType = wrapper.application; includeInIndex = 0; path = Stethoscope.app; sourceTree = BUILT_PRODUCTS_DIR; };
		5C5D54922A9078B3002262C0 /* Stethoscope Watch App.app */ = {isa = PBXFileReference; explicitFileType = wrapper.application; includeInIndex = 0; path = "Stethoscope Watch App.app"; sourceTree = BUILT_PRODUCTS_DIR; };
		5C5D54972A9078B3002262C0 /* StethoscopeApp.swift */ = {isa = PBXFileReference; lastKnownFileType = sourcecode.swift; path = StethoscopeApp.swift; sourceTree = "<group>"; };
		5C5D54992A9078B3002262C0 /* ContentView.swift */ = {isa = PBXFileReference; lastKnownFileType = sourcecode.swift; path = ContentView.swift; sourceTree = "<group>"; };
		5C5D549B2A9078B8002262C0 /* Assets.xcassets */ = {isa = PBXFileReference; lastKnownFileType = folder.assetcatalog; path = Assets.xcassets; sourceTree = "<group>"; };
		5C5D549E2A9078B8002262C0 /* Preview Assets.xcassets */ = {isa = PBXFileReference; lastKnownFileType = folder.assetcatalog; path = "Preview Assets.xcassets"; sourceTree = "<group>"; };
		5C5D54A42A9078B8002262C0 /* Stethoscope Watch AppTests.xctest */ = {isa = PBXFileReference; explicitFileType = wrapper.cfbundle; includeInIndex = 0; path = "Stethoscope Watch AppTests.xctest"; sourceTree = BUILT_PRODUCTS_DIR; };
		5C5D54A82A9078B8002262C0 /* Stethoscope_Watch_AppTests.swift */ = {isa = PBXFileReference; lastKnownFileType = sourcecode.swift; path = Stethoscope_Watch_AppTests.swift; sourceTree = "<group>"; };
		5C5D54AE2A9078B9002262C0 /* Stethoscope Watch AppUITests.xctest */ = {isa = PBXFileReference; explicitFileType = wrapper.cfbundle; includeInIndex = 0; path = "Stethoscope Watch AppUITests.xctest"; sourceTree = BUILT_PRODUCTS_DIR; };
		5C5D54B22A9078B9002262C0 /* Stethoscope_Watch_AppUITests.swift */ = {isa = PBXFileReference; lastKnownFileType = sourcecode.swift; path = Stethoscope_Watch_AppUITests.swift; sourceTree = "<group>"; };
		5C5D54B42A9078B9002262C0 /* Stethoscope_Watch_AppUITestsLaunchTests.swift */ = {isa = PBXFileReference; lastKnownFileType = sourcecode.swift; path = Stethoscope_Watch_AppUITestsLaunchTests.swift; sourceTree = "<group>"; };
/* End PBXFileReference section */

/* Begin PBXFrameworksBuildPhase section */
		5C5D548F2A9078B3002262C0 /* Frameworks */ = {
			isa = PBXFrameworksBuildPhase;
			buildActionMask = 2147483647;
			files = (
			);
			runOnlyForDeploymentPostprocessing = 0;
		};
		5C5D54A12A9078B8002262C0 /* Frameworks */ = {
			isa = PBXFrameworksBuildPhase;
			buildActionMask = 2147483647;
			files = (
			);
			runOnlyForDeploymentPostprocessing = 0;
		};
		5C5D54AB2A9078B9002262C0 /* Frameworks */ = {
			isa = PBXFrameworksBuildPhase;
			buildActionMask = 2147483647;
			files = (
			);
			runOnlyForDeploymentPostprocessing = 0;
		};
/* End PBXFrameworksBuildPhase section */

/* Begin PBXGroup section */
		5C5D54852A9078B3002262C0 = {
			isa = PBXGroup;
			children = (
				5C5D54962A9078B3002262C0 /* Stethoscope Watch App */,
				5C5D54A72A9078B8002262C0 /* Stethoscope Watch AppTests */,
				5C5D54B12A9078B9002262C0 /* Stethoscope Watch AppUITests */,
				5C5D548D2A9078B3002262C0 /* Products */,
			);
			sourceTree = "<group>";
		};
		5C5D548D2A9078B3002262C0 /* Products */ = {
			isa = PBXGroup;
			children = (
				5C5D548C2A9078B3002262C0 /* Stethoscope.app */,
				5C5D54922A9078B3002262C0 /* Stethoscope Watch App.app */,
				5C5D54A42A9078B8002262C0 /* Stethoscope Watch AppTests.xctest */,
				5C5D54AE2A9078B9002262C0 /* Stethoscope Watch AppUITests.xctest */,
			);
			name = Products;
			sourceTree = "<group>";
		};
		5C5D54962A9078B3002262C0 /* Stethoscope Watch App */ = {
			isa = PBXGroup;
			children = (
				5C5D54972A9078B3002262C0 /* StethoscopeApp.swift */,
				5C5D54992A9078B3002262C0 /* ContentView.swift */,
				5C5D549B2A9078B8002262C0 /* Assets.xcassets */,
				5C5D549D2A9078B8002262C0 /* Preview Content */,
			);
			path = "Stethoscope Watch App";
			sourceTree = "<group>";
		};
		5C5D549D2A9078B8002262C0 /* Preview Content */ = {
			isa = PBXGroup;
			children = (
				5C5D549E2A9078B8002262C0 /* Preview Assets.xcassets */,
			);
			path = "Preview Content";
			sourceTree = "<group>";
		};
		5C5D54A72A9078B8002262C0 /* Stethoscope Watch AppTests */ = {
			isa = PBXGroup;
			children = (
				5C5D54A82A9078B8002262C0 /* Stethoscope_Watch_AppTests.swift */,
			);
			path = "Stethoscope Watch AppTests";
			sourceTree = "<group>";
		};
		5C5D54B12A9078B9002262C0 /* Stethoscope Watch AppUITests */ = {
			isa = PBXGroup;
			children = (
				5C5D54B22A9078B9002262C0 /* Stethoscope_Watch_AppUITests.swift */,
				5C5D54B42A9078B9002262C0 /* Stethoscope_Watch_AppUITestsLaunchTests.swift */,
			);
			path = "Stethoscope Watch AppUITests";
			sourceTree = "<group>";
		};
/* End PBXGroup section */

/* Begin PBXNativeTarget section */
		5C5D548B2A9078B3002262C0 /* Stethoscope */ = {
			isa = PBXNativeTarget;
			buildConfigurationList = 5C5D54BC2A9078B9002262C0 /* Build configuration list for PBXNativeTarget "Stethoscope" */;
			buildPhases = (
				5C5D548A2A9078B3002262C0 /* Resources */,
				5C5D54BB2A9078B9002262C0 /* Embed Watch Content */,
			);
			buildRules = (
			);
			dependencies = (
				5C5D54952A9078B3002262C0 /* PBXTargetDependency */,
			);
			name = Stethoscope;
			productName = Stethoscope;
			productReference = 5C5D548C2A9078B3002262C0 /* Stethoscope.app */;
			productType = "com.apple.product-type.application.watchapp2-container";
		};
		5C5D54912A9078B3002262C0 /* Stethoscope Watch App */ = {
			isa = PBXNativeTarget;
			buildConfigurationList = 5C5D54B82A9078B9002262C0 /* Build configuration list for PBXNativeTarget "Stethoscope Watch App" */;
			buildPhases = (
				5C5D548E2A9078B3002262C0 /* Sources */,
				5C5D548F2A9078B3002262C0 /* Frameworks */,
				5C5D54902A9078B3002262C0 /* Resources */,
			);
			buildRules = (
			);
			dependencies = (
			);
			name = "Stethoscope Watch App";
			productName = "Stethoscope Watch App";
			productReference = 5C5D54922A9078B3002262C0 /* Stethoscope Watch App.app */;
			productType = "com.apple.product-type.application";
		};
		5C5D54A32A9078B8002262C0 /* Stethoscope Watch AppTests */ = {
			isa = PBXNativeTarget;
			buildConfigurationList = 5C5D54BF2A9078B9002262C0 /* Build configuration list for PBXNativeTarget "Stethoscope Watch AppTests" */;
			buildPhases = (
				5C5D54A02A9078B8002262C0 /* Sources */,
				5C5D54A12A9078B8002262C0 /* Frameworks */,
				5C5D54A22A9078B8002262C0 /* Resources */,
			);
			buildRules = (
			);
			dependencies = (
				5C5D54A62A9078B8002262C0 /* PBXTargetDependency */,
			);
			name = "Stethoscope Watch AppTests";
			productName = "Stethoscope Watch AppTests";
			productReference = 5C5D54A42A9078B8002262C0 /* Stethoscope Watch AppTests.xctest */;
			productType = "com.apple.product-type.bundle.unit-test";
		};
		5C5D54AD2A9078B9002262C0 /* Stethoscope Watch AppUITests */ = {
			isa = PBXNativeTarget;
			buildConfigurationList = 5C5D54C22A9078B9002262C0 /* Build configuration list for PBXNativeTarget "Stethoscope Watch AppUITests" */;
			buildPhases = (
				5C5D54AA2A9078B9002262C0 /* Sources */,
				5C5D54AB2A9078B9002262C0 /* Frameworks */,
				5C5D54AC2A9078B9002262C0 /* Resources */,
			);
			buildRules = (
			);
			dependencies = (
				5C5D54B02A9078B9002262C0 /* PBXTargetDependency */,
			);
			name = "Stethoscope Watch AppUITests";
			productName = "Stethoscope Watch AppUITests";
			productReference = 5C5D54AE2A9078B9002262C0 /* Stethoscope Watch AppUITests.xctest */;
			productType = "com.apple.product-type.bundle.ui-testing";
		};
/* End PBXNativeTarget section */

/* Begin PBXProject section */
		5C5D54862A9078B3002262C0 /* Project object */ = {
			isa = PBXProject;
			attributes = {
				BuildIndependentTargetsInParallel = 1;
				LastSwiftUpdateCheck = 1430;
				LastUpgradeCheck = 1430;
				TargetAttributes = {
					5C5D548B2A9078B3002262C0 = {
						CreatedOnToolsVersion = 14.3.1;
					};
					5C5D54912A9078B3002262C0 = {
						CreatedOnToolsVersion = 14.3.1;
					};
					5C5D54A32A9078B8002262C0 = {
						CreatedOnToolsVersion = 14.3.1;
						TestTargetID = 5C5D54912A9078B3002262C0;
					};
					5C5D54AD2A9078B9002262C0 = {
						CreatedOnToolsVersion = 14.3.1;
						TestTargetID = 5C5D54912A9078B3002262C0;
					};
				};
			};
			buildConfigurationList = 5C5D54892A9078B3002262C0 /* Build configuration list for PBXProject "Stethoscope" */;
			compatibilityVersion = "Xcode 14.0";
			developmentRegion = en;
			hasScannedForEncodings = 0;
			knownRegions = (
				en,
				Base,
			);
			mainGroup = 5C5D54852A9078B3002262C0;
			productRefGroup = 5C5D548D2A9078B3002262C0 /* Products */;
			projectDirPath = "";
			projectRoot = "";
			targets = (
				5C5D548B2A9078B3002262C0 /* Stethoscope */,
				5C5D54912A9078B3002262C0 /* Stethoscope Watch App */,
				5C5D54A32A9078B8002262C0 /* Stethoscope Watch AppTests */,
				5C5D54AD2A9078B9002262C0 /* Stethoscope Watch AppUITests */,
			);
		};
/* End PBXProject section */

/* Begin PBXResourcesBuildPhase section */
		5C5D548A2A9078B3002262C0 /* Resources */ = {
			isa = PBXResourcesBuildPhase;
			buildActionMask = 2147483647;
			files = (
			);
			runOnlyForDeploymentPostprocessing = 0;
		};
		5C5D54902A9078B3002262C0 /* Resources */ = {
			isa = PBXResourcesBuildPhase;
			buildActionMask = 2147483647;
			files = (
				5C5D549F2A9078B8002262C0 /* Preview Assets.xcassets in Resources */,
				5C5D549C2A9078B8002262C0 /* Assets.xcassets in Resources */,
			);
			runOnlyForDeploymentPostprocessing = 0;
		};
		5C5D54A22A9078B8002262C0 /* Resources */ = {
			isa = PBXResourcesBuildPhase;
			buildActionMask = 2147483647;
			files = (
			);
			runOnlyForDeploymentPostprocessing = 0;
		};
		5C5D54AC2A9078B9002262C0 /* Resources */ = {
			isa = PBXResourcesBuildPhase;
			buildActionMask = 2147483647;
			files = (
			);
			runOnlyForDeploymentPostprocessing = 0;
		};
/* End PBXResourcesBuildPhase section */

/* Begin PBXSourcesBuildPhase section */
		5C5D548E2A9078B3002262C0 /* Sources */ = {
			isa = PBXSourcesBuildPhase;
			buildActionMask = 2147483647;
			files = (
				5C5D549A2A9078B3002262C0 /* ContentView.swift in Sources */,
				5C5D54982A9078B3002262C0 /* StethoscopeApp.swift in Sources */,
			);
			runOnlyForDeploymentPostprocessing = 0;
		};
		5C5D54A02A9078B8002262C0 /* Sources */ = {
			isa = PBXSourcesBuildPhase;
			buildActionMask = 2147483647;
			files = (
				5C5D54A92A9078B8002262C0 /* Stethoscope_Watch_AppTests.swift in Sources */,
			);
			runOnlyForDeploymentPostprocessing = 0;
		};
		5C5D54AA2A9078B9002262C0 /* Sources */ = {
			isa = PBXSourcesBuildPhase;
			buildActionMask = 2147483647;
			files = (
				5C5D54B52A9078B9002262C0 /* Stethoscope_Watch_AppUITestsLaunchTests.swift in Sources */,
				5C5D54B32A9078B9002262C0 /* Stethoscope_Watch_AppUITests.swift in Sources */,
			);
			runOnlyForDeploymentPostprocessing = 0;
		};
/* End PBXSourcesBuildPhase section */

/* Begin PBXTargetDependency section */
		5C5D54952A9078B3002262C0 /* PBXTargetDependency */ = {
			isa = PBXTargetDependency;
			target = 5C5D54912A9078B3002262C0 /* Stethoscope Watch App */;
			targetProxy = 5C5D54942A9078B3002262C0 /* PBXContainerItemProxy */;
		};
		5C5D54A62A9078B8002262C0 /* PBXTargetDependency */ = {
			isa = PBXTargetDependency;
			target = 5C5D54912A9078B3002262C0 /* Stethoscope Watch App */;
			targetProxy = 5C5D54A52A9078B8002262C0 /* PBXContainerItemProxy */;
		};
		5C5D54B02A9078B9002262C0 /* PBXTargetDependency */ = {
			isa = PBXTargetDependency;
			target = 5C5D54912A9078B3002262C0 /* Stethoscope Watch App */;
			targetProxy = 5C5D54AF2A9078B9002262C0 /* PBXContainerItemProxy */;
		};
/* End PBXTargetDependency section */

/* Begin XCBuildConfiguration section */
		5C5D54B62A9078B9002262C0 /* Debug */ = {
			isa = XCBuildConfiguration;
			buildSettings = {
				ALWAYS_SEARCH_USER_PATHS = NO;
				CLANG_ANALYZER_NONNULL = YES;
				CLANG_ANALYZER_NUMBER_OBJECT_CONVERSION = YES_AGGRESSIVE;
				CLANG_CXX_LANGUAGE_STANDARD = "gnu++20";
				CLANG_ENABLE_MODULES = YES;
				CLANG_ENABLE_OBJC_ARC = YES;
				CLANG_ENABLE_OBJC_WEAK = YES;
				CLANG_WARN_BLOCK_CAPTURE_AUTORELEASING = YES;
				CLANG_WARN_BOOL_CONVERSION = YES;
				CLANG_WARN_COMMA = YES;
				CLANG_WARN_CONSTANT_CONVERSION = YES;
				CLANG_WARN_DEPRECATED_OBJC_IMPLEMENTATIONS = YES;
				CLANG_WARN_DIRECT_OBJC_ISA_USAGE = YES_ERROR;
				CLANG_WARN_DOCUMENTATION_COMMENTS = YES;
				CLANG_WARN_EMPTY_BODY = YES;
				CLANG_WARN_ENUM_CONVERSION = YES;
				CLANG_WARN_INFINITE_RECURSION = YES;
				CLANG_WARN_INT_CONVERSION = YES;
				CLANG_WARN_NON_LITERAL_NULL_CONVERSION = YES;
				CLANG_WARN_OBJC_IMPLICIT_RETAIN_SELF = YES;
				CLANG_WARN_OBJC_LITERAL_CONVERSION = YES;
				CLANG_WARN_OBJC_ROOT_CLASS = YES_ERROR;
				CLANG_WARN_QUOTED_INCLUDE_IN_FRAMEWORK_HEADER = YES;
				CLANG_WARN_RANGE_LOOP_ANALYSIS = YES;
				CLANG_WARN_STRICT_PROTOTYPES = YES;
				CLANG_WARN_SUSPICIOUS_MOVE = YES;
				CLANG_WARN_UNGUARDED_AVAILABILITY = YES_AGGRESSIVE;
				CLANG_WARN_UNREACHABLE_CODE = YES;
				CLANG_WARN__DUPLICATE_METHOD_MATCH = YES;
				COPY_PHASE_STRIP = NO;
				DEBUG_INFORMATION_FORMAT = dwarf;
				ENABLE_STRICT_OBJC_MSGSEND = YES;
				ENABLE_TESTABILITY = YES;
				GCC_C_LANGUAGE_STANDARD = gnu11;
				GCC_DYNAMIC_NO_PIC = NO;
				GCC_NO_COMMON_BLOCKS = YES;
				GCC_OPTIMIZATION_LEVEL = 0;
				GCC_PREPROCESSOR_DEFINITIONS = (
					"DEBUG=1",
					"$(inherited)",
				);
				GCC_WARN_64_TO_32_BIT_CONVERSION = YES;
				GCC_WARN_ABOUT_RETURN_TYPE = YES_ERROR;
				GCC_WARN_UNDECLARED_SELECTOR = YES;
				GCC_WARN_UNINITIALIZED_AUTOS = YES_AGGRESSIVE;
				GCC_WARN_UNUSED_FUNCTION = YES;
				GCC_WARN_UNUSED_VARIABLE = YES;
				MTL_ENABLE_DEBUG_INFO = INCLUDE_SOURCE;
				MTL_FAST_MATH = YES;
				ONLY_ACTIVE_ARCH = YES;
				SWIFT_ACTIVE_COMPILATION_CONDITIONS = DEBUG;
				SWIFT_OPTIMIZATION_LEVEL = "-Onone";
			};
			name = Debug;
		};
		5C5D54B72A9078B9002262C0 /* Release */ = {
			isa = XCBuildConfiguration;
			buildSettings = {
				ALWAYS_SEARCH_USER_PATHS = NO;
				CLANG_ANALYZER_NONNULL = YES;
				CLANG_ANALYZER_NUMBER_OBJECT_CONVERSION = YES_AGGRESSIVE;
				CLANG_CXX_LANGUAGE_STANDARD = "gnu++20";
				CLANG_ENABLE_MODULES = YES;
				CLANG_ENABLE_OBJC_ARC = YES;
				CLANG_ENABLE_OBJC_WEAK = YES;
				CLANG_WARN_BLOCK_CAPTURE_AUTORELEASING = YES;
				CLANG_WARN_BOOL_CONVERSION = YES;
				CLANG_WARN_COMMA = YES;
				CLANG_WARN_CONSTANT_CONVERSION = YES;
				CLANG_WARN_DEPRECATED_OBJC_IMPLEMENTATIONS = YES;
				CLANG_WARN_DIRECT_OBJC_ISA_USAGE = YES_ERROR;
				CLANG_WARN_DOCUMENTATION_COMMENTS = YES;
				CLANG_WARN_EMPTY_BODY = YES;
				CLANG_WARN_ENUM_CONVERSION = YES;
				CLANG_WARN_INFINITE_RECURSION = YES;
				CLANG_WARN_INT_CONVERSION = YES;
				CLANG_WARN_NON_LITERAL_NULL_CONVERSION = YES;
				CLANG_WARN_OBJC_IMPLICIT_RETAIN_SELF = YES;
				CLANG_WARN_OBJC_LITERAL_CONVERSION = YES;
				CLANG_WARN_OBJC_ROOT_CLASS = YES_ERROR;
				CLANG_WARN_QUOTED_INCLUDE_IN_FRAMEWORK_HEADER = YES;
				CLANG_WARN_RANGE_LOOP_ANALYSIS = YES;
				CLANG_WARN_STRICT_PROTOTYPES = YES;
				CLANG_WARN_SUSPICIOUS_MOVE = YES;
				CLANG_WARN_UNGUARDED_AVAILABILITY = YES_AGGRESSIVE;
				CLANG_WARN_UNREACHABLE_CODE = YES;
				CLANG_WARN__DUPLICATE_METHOD_MATCH = YES;
				COPY_PHASE_STRIP = NO;
				DEBUG_INFORMATION_FORMAT = "dwarf-with-dsym";
				ENABLE_NS_ASSERTIONS = NO;
				ENABLE_STRICT_OBJC_MSGSEND = YES;
				GCC_C_LANGUAGE_STANDARD = gnu11;
				GCC_NO_COMMON_BLOCKS = YES;
				GCC_WARN_64_TO_32_BIT_CONVERSION = YES;
				GCC_WARN_ABOUT_RETURN_TYPE = YES_ERROR;
				GCC_WARN_UNDECLARED_SELECTOR = YES;
				GCC_WARN_UNINITIALIZED_AUTOS = YES_AGGRESSIVE;
				GCC_WARN_UNUSED_FUNCTION = YES;
				GCC_WARN_UNUSED_VARIABLE = YES;
				MTL_ENABLE_DEBUG_INFO = NO;
				MTL_FAST_MATH = YES;
				SWIFT_COMPILATION_MODE = wholemodule;
				SWIFT_OPTIMIZATION_LEVEL = "-O";
			};
			name = Release;
		};
		5C5D54B92A9078B9002262C0 /* Debug */ = {
			isa = XCBuildConfiguration;
			buildSettings = {
				ASSETCATALOG_COMPILER_APPICON_NAME = AppIcon;
				ASSETCATALOG_COMPILER_GLOBAL_ACCENT_COLOR_NAME = AccentColor;
				CODE_SIGN_STYLE = Automatic;
				CURRENT_PROJECT_VERSION = 1;
				DEVELOPMENT_ASSET_PATHS = "\"Stethoscope Watch App/Preview Content\"";
				DEVELOPMENT_TEAM = 9362U65J8W;
				ENABLE_PREVIEWS = YES;
				GENERATE_INFOPLIST_FILE = YES;
				INFOPLIST_KEY_CFBundleDisplayName = Stethoscope;
				INFOPLIST_KEY_UISupportedInterfaceOrientations = "UIInterfaceOrientationPortrait UIInterfaceOrientationPortraitUpsideDown";
				INFOPLIST_KEY_WKWatchOnly = YES;
				LD_RUNPATH_SEARCH_PATHS = (
					"$(inherited)",
					"@executable_path/Frameworks",
				);
				MARKETING_VERSION = 1.0;
				PRODUCT_BUNDLE_IDENTIFIER = dokastho.Stethoscope.watchkitapp;
				PRODUCT_NAME = "$(TARGET_NAME)";
				SDKROOT = watchos;
				SKIP_INSTALL = YES;
				SWIFT_EMIT_LOC_STRINGS = YES;
				SWIFT_VERSION = 5.0;
				TARGETED_DEVICE_FAMILY = 4;
				WATCHOS_DEPLOYMENT_TARGET = 9.4;
			};
			name = Debug;
		};
		5C5D54BA2A9078B9002262C0 /* Release */ = {
			isa = XCBuildConfiguration;
			buildSettings = {
				ASSETCATALOG_COMPILER_APPICON_NAME = AppIcon;
				ASSETCATALOG_COMPILER_GLOBAL_ACCENT_COLOR_NAME = AccentColor;
				CODE_SIGN_STYLE = Automatic;
				CURRENT_PROJECT_VERSION = 1;
				DEVELOPMENT_ASSET_PATHS = "\"Stethoscope Watch App/Preview Content\"";
				DEVELOPMENT_TEAM = 9362U65J8W;
				ENABLE_PREVIEWS = YES;
				GENERATE_INFOPLIST_FILE = YES;
				INFOPLIST_KEY_CFBundleDisplayName = Stethoscope;
				INFOPLIST_KEY_UISupportedInterfaceOrientations = "UIInterfaceOrientationPortrait UIInterfaceOrientationPortraitUpsideDown";
				INFOPLIST_KEY_WKWatchOnly = YES;
				LD_RUNPATH_SEARCH_PATHS = (
					"$(inherited)",
					"@executable_path/Frameworks",
				);
				MARKETING_VERSION = 1.0;
				PRODUCT_BUNDLE_IDENTIFIER = dokastho.Stethoscope.watchkitapp;
				PRODUCT_NAME = "$(TARGET_NAME)";
				SDKROOT = watchos;
				SKIP_INSTALL = YES;
				SWIFT_EMIT_LOC_STRINGS = YES;
				SWIFT_VERSION = 5.0;
				TARGETED_DEVICE_FAMILY = 4;
				VALIDATE_PRODUCT = YES;
				WATCHOS_DEPLOYMENT_TARGET = 9.4;
			};
			name = Release;
		};
		5C5D54BD2A9078B9002262C0 /* Debug */ = {
			isa = XCBuildConfiguration;
			buildSettings = {
				ALWAYS_EMBED_SWIFT_STANDARD_LIBRARIES = YES;
				CODE_SIGN_STYLE = Automatic;
				CURRENT_PROJECT_VERSION = 1;
				DEVELOPMENT_TEAM = 9362U65J8W;
				INFOPLIST_KEY_CFBundleDisplayName = Stethoscope;
				MARKETING_VERSION = 1.0;
				PRODUCT_BUNDLE_IDENTIFIER = dokastho.Stethoscope;
				PRODUCT_NAME = "$(TARGET_NAME)";
				SDKROOT = iphoneos;
				SWIFT_VERSION = 5.0;
			};
			name = Debug;
		};
		5C5D54BE2A9078B9002262C0 /* Release */ = {
			isa = XCBuildConfiguration;
			buildSettings = {
				ALWAYS_EMBED_SWIFT_STANDARD_LIBRARIES = YES;
				CODE_SIGN_STYLE = Automatic;
				CURRENT_PROJECT_VERSION = 1;
				DEVELOPMENT_TEAM = 9362U65J8W;
				INFOPLIST_KEY_CFBundleDisplayName = Stethoscope;
				MARKETING_VERSION = 1.0;
				PRODUCT_BUNDLE_IDENTIFIER = dokastho.Stethoscope;
				PRODUCT_NAME = "$(TARGET_NAME)";
				SDKROOT = iphoneos;
				SWIFT_VERSION = 5.0;
				VALIDATE_PRODUCT = YES;
			};
			name = Release;
		};
		5C5D54C02A9078B9002262C0 /* Debug */ = {
			isa = XCBuildConfiguration;
			buildSettings = {
				ALWAYS_EMBED_SWIFT_STANDARD_LIBRARIES = YES;
				BUNDLE_LOADER = "$(TEST_HOST)";
				CODE_SIGN_STYLE = Automatic;
				CURRENT_PROJECT_VERSION = 1;
				DEVELOPMENT_TEAM = 9362U65J8W;
				GENERATE_INFOPLIST_FILE = YES;
				MARKETING_VERSION = 1.0;
				PRODUCT_BUNDLE_IDENTIFIER = "dokastho.Stethoscope-Watch-AppTests";
				PRODUCT_NAME = "$(TARGET_NAME)";
				SDKROOT = watchos;
				SWIFT_EMIT_LOC_STRINGS = NO;
				SWIFT_VERSION = 5.0;
				TARGETED_DEVICE_FAMILY = 4;
				TEST_HOST = "$(BUILT_PRODUCTS_DIR)/Stethoscope Watch App.app/$(BUNDLE_EXECUTABLE_FOLDER_PATH)/Stethoscope Watch App";
				WATCHOS_DEPLOYMENT_TARGET = 9.4;
			};
			name = Debug;
		};
		5C5D54C12A9078B9002262C0 /* Release */ = {
			isa = XCBuildConfiguration;
			buildSettings = {
				ALWAYS_EMBED_SWIFT_STANDARD_LIBRARIES = YES;
				BUNDLE_LOADER = "$(TEST_HOST)";
				CODE_SIGN_STYLE = Automatic;
				CURRENT_PROJECT_VERSION = 1;
				DEVELOPMENT_TEAM = 9362U65J8W;
				GENERATE_INFOPLIST_FILE = YES;
				MARKETING_VERSION = 1.0;
				PRODUCT_BUNDLE_IDENTIFIER = "dokastho.Stethoscope-Watch-AppTests";
				PRODUCT_NAME = "$(TARGET_NAME)";
				SDKROOT = watchos;
				SWIFT_EMIT_LOC_STRINGS = NO;
				SWIFT_VERSION = 5.0;
				TARGETED_DEVICE_FAMILY = 4;
				TEST_HOST = "$(BUILT_PRODUCTS_DIR)/Stethoscope Watch App.app/$(BUNDLE_EXECUTABLE_FOLDER_PATH)/Stethoscope Watch App";
				VALIDATE_PRODUCT = YES;
				WATCHOS_DEPLOYMENT_TARGET = 9.4;
			};
			name = Release;
		};
		5C5D54C32A9078B9002262C0 /* Debug */ = {
			isa = XCBuildConfiguration;
			buildSettings = {
				ALWAYS_EMBED_SWIFT_STANDARD_LIBRARIES = YES;
				CODE_SIGN_STYLE = Automatic;
				CURRENT_PROJECT_VERSION = 1;
				DEVELOPMENT_TEAM = 9362U65J8W;
				GENERATE_INFOPLIST_FILE = YES;
				MARKETING_VERSION = 1.0;
				PRODUCT_BUNDLE_IDENTIFIER = "dokastho.Stethoscope-Watch-AppUITests";
				PRODUCT_NAME = "$(TARGET_NAME)";
				SDKROOT = watchos;
				SWIFT_EMIT_LOC_STRINGS = NO;
				SWIFT_VERSION = 5.0;
				TARGETED_DEVICE_FAMILY = 4;
				TEST_TARGET_NAME = "Stethoscope Watch App";
				WATCHOS_DEPLOYMENT_TARGET = 9.4;
			};
			name = Debug;
		};
		5C5D54C42A9078B9002262C0 /* Release */ = {
			isa = XCBuildConfiguration;
			buildSettings = {
				ALWAYS_EMBED_SWIFT_STANDARD_LIBRARIES = YES;
				CODE_SIGN_STYLE = Automatic;
				CURRENT_PROJECT_VERSION = 1;
				DEVELOPMENT_TEAM = 9362U65J8W;
				GENERATE_INFOPLIST_FILE = YES;
				MARKETING_VERSION = 1.0;
				PRODUCT_BUNDLE_IDENTIFIER = "dokastho.Stethoscope-Watch-AppUITests";
				PRODUCT_NAME = "$(TARGET_NAME)";
				SDKROOT = watchos;
				SWIFT_EMIT_LOC_STRINGS = NO;
				SWIFT_VERSION = 5.0;
				TARGETED_DEVICE_FAMILY = 4;
				TEST_TARGET_NAME = "Stethoscope Watch App";
				VALIDATE_PRODUCT = YES;
				WATCHOS_DEPLOYMENT_TARGET = 9.4;
			};
			name = Release;
		};
/* End XCBuildConfiguration section */

/* Begin XCConfigurationList section */
		5C5D54892A9078B3002262C0 /* Build configuration list for PBXProject "Stethoscope" */ = {
			isa = XCConfigurationList;
			buildConfigurations = (
				5C5D54B62A9078B9002262C0 /* Debug */,
				5C5D54B72A9078B9002262C0 /* Release */,
			);
			defaultConfigurationIsVisible = 0;
			defaultConfigurationName = Release;
		};
		5C5D54B82A9078B9002262C0 /* Build configuration list for PBXNativeTarget "Stethoscope Watch App" */ = {
			isa = XCConfigurationList;
			buildConfigurations = (
				5C5D54B92A9078B9002262C0 /* Debug */,
				5C5D54BA2A9078B9002262C0 /* Release */,
			);
			defaultConfigurationIsVisible = 0;
			defaultConfigurationName = Release;
		};
		5C5D54BC2A9078B9002262C0 /* Build configuration list for PBXNativeTarget "Stethoscope" */ = {
			isa = XCConfigurationList;
			buildConfigurations = (
				5C5D54BD2A9078B9002262C0 /* Debug */,
				5C5D54BE2A9078B9002262C0 /* Release */,
			);
			defaultConfigurationIsVisible = 0;
			defaultConfigurationName = Release;
		};
		5C5D54BF2A9078B9002262C0 /* Build configuration list for PBXNativeTarget "Stethoscope Watch AppTests" */ = {
			isa = XCConfigurationList;
			buildConfigurations = (
				5C5D54C02A9078B9002262C0 /* Debug */,
				5C5D54C12A9078B9002262C0 /* Release */,
			);
			defaultConfigurationIsVisible = 0;
			defaultConfigurationName = Release;
		};
		5C5D54C22A9078B9002262C0 /* Build configuration list for PBXNativeTarget "Stethoscope Watch AppUITests" */ = {
			isa = XCConfigurationList;
			buildConfigurations = (
				5C5D54C32A9078B9002262C0 /* Debug */,
				5C5D54C42A9078B9002262C0 /* Release */,
			);
			defaultConfigurationIsVisible = 0;
			defaultConfigurationName = Release;
		};
/* End XCConfigurationList section */
	};
	rootObject = 5C5D54862A9078B3002262C0 /* Project object */;
}
